// !$*UTF8*$!
{
	archiveVersion = 1;
	classes = {
	};
	objectVersion = 50;
	objects = {

/* Begin PBXBuildFile section */
		524F318726326C290004BEE2 /* ShipDetailsViewController.swift in Sources */ = {isa = PBXBuildFile; fileRef = 524F318626326C290004BEE2 /* ShipDetailsViewController.swift */; };
		525E2B282631A35E00155AC0 /* Extensions.swift in Sources */ = {isa = PBXBuildFile; fileRef = 525E2B272631A35E00155AC0 /* Extensions.swift */; };
		52887F392624B136001244AD /* AppDelegate.swift in Sources */ = {isa = PBXBuildFile; fileRef = 52887F382624B136001244AD /* AppDelegate.swift */; };
		52887F3B2624B136001244AD /* SceneDelegate.swift in Sources */ = {isa = PBXBuildFile; fileRef = 52887F3A2624B136001244AD /* SceneDelegate.swift */; };
		52887F3D2624B136001244AD /* ViewController.swift in Sources */ = {isa = PBXBuildFile; fileRef = 52887F3C2624B136001244AD /* ViewController.swift */; };
		52887F422624B13A001244AD /* Assets.xcassets in Resources */ = {isa = PBXBuildFile; fileRef = 52887F412624B13A001244AD /* Assets.xcassets */; };
		52887F452624B13A001244AD /* LaunchScreen.storyboard in Resources */ = {isa = PBXBuildFile; fileRef = 52887F432624B13A001244AD /* LaunchScreen.storyboard */; };
		52887F612624B56A001244AD /* cargo1.dae in Resources */ = {isa = PBXBuildFile; fileRef = 52887F602624B56A001244AD /* cargo1.dae */; };
		52A7DFE4263589CE00A7F960 /* CircularTransition.swift in Sources */ = {isa = PBXBuildFile; fileRef = 52A7DFE3263589CE00A7F960 /* CircularTransition.swift */; };
		52A7DFF02635982700A7F960 /* Container.swift in Sources */ = {isa = PBXBuildFile; fileRef = 52A7DFEF2635982700A7F960 /* Container.swift */; };
		52A7DFF526359B7B00A7F960 /* ContainerAPI.json in Resources */ = {isa = PBXBuildFile; fileRef = 52A7DFEC2635966700A7F960 /* ContainerAPI.json */; };
		52A7DFF82635A09B00A7F960 /* ContainerCell.swift in Sources */ = {isa = PBXBuildFile; fileRef = 52A7DFF72635A09B00A7F960 /* ContainerCell.swift */; };
		52A7E0032635B15E00A7F960 /* Insanibc.ttf in Resources */ = {isa = PBXBuildFile; fileRef = 52A7E0012635B15800A7F960 /* Insanibc.ttf */; };
/* End PBXBuildFile section */

/* Begin PBXFileReference section */
		524F318626326C290004BEE2 /* ShipDetailsViewController.swift */ = {isa = PBXFileReference; lastKnownFileType = sourcecode.swift; path = ShipDetailsViewController.swift; sourceTree = "<group>"; };
		525E2B272631A35E00155AC0 /* Extensions.swift */ = {isa = PBXFileReference; fileEncoding = 4; lastKnownFileType = sourcecode.swift; path = Extensions.swift; sourceTree = "<group>"; };
		52887F352624B136001244AD /* Cargo ship tracking app.app */ = {isa = PBXFileReference; explicitFileType = wrapper.application; includeInIndex = 0; path = "Cargo ship tracking app.app"; sourceTree = BUILT_PRODUCTS_DIR; };
		52887F382624B136001244AD /* AppDelegate.swift */ = {isa = PBXFileReference; lastKnownFileType = sourcecode.swift; path = AppDelegate.swift; sourceTree = "<group>"; };
		52887F3A2624B136001244AD /* SceneDelegate.swift */ = {isa = PBXFileReference; lastKnownFileType = sourcecode.swift; path = SceneDelegate.swift; sourceTree = "<group>"; };
		52887F3C2624B136001244AD /* ViewController.swift */ = {isa = PBXFileReference; lastKnownFileType = sourcecode.swift; path = ViewController.swift; sourceTree = "<group>"; };
		52887F412624B13A001244AD /* Assets.xcassets */ = {isa = PBXFileReference; lastKnownFileType = folder.assetcatalog; path = Assets.xcassets; sourceTree = "<group>"; };
		52887F442624B13A001244AD /* Base */ = {isa = PBXFileReference; lastKnownFileType = file.storyboard; name = Base; path = Base.lproj/LaunchScreen.storyboard; sourceTree = "<group>"; };
		52887F462624B13A001244AD /* Info.plist */ = {isa = PBXFileReference; lastKnownFileType = text.plist.xml; path = Info.plist; sourceTree = "<group>"; };
		52887F602624B56A001244AD /* cargo1.dae */ = {isa = PBXFileReference; fileEncoding = 4; lastKnownFileType = text.xml.dae; path = cargo1.dae; sourceTree = "<group>"; };
		52A7DFE3263589CE00A7F960 /* CircularTransition.swift */ = {isa = PBXFileReference; lastKnownFileType = sourcecode.swift; path = CircularTransition.swift; sourceTree = "<group>"; };
		52A7DFEC2635966700A7F960 /* ContainerAPI.json */ = {isa = PBXFileReference; lastKnownFileType = text.json; path = ContainerAPI.json; sourceTree = "<group>"; };
		52A7DFEF2635982700A7F960 /* Container.swift */ = {isa = PBXFileReference; lastKnownFileType = sourcecode.swift; path = Container.swift; sourceTree = "<group>"; };
		52A7DFF72635A09B00A7F960 /* ContainerCell.swift */ = {isa = PBXFileReference; lastKnownFileType = sourcecode.swift; path = ContainerCell.swift; sourceTree = "<group>"; };
		52A7E0012635B15800A7F960 /* Insanibc.ttf */ = {isa = PBXFileReference; lastKnownFileType = file; path = Insanibc.ttf; sourceTree = "<group>"; };
/* End PBXFileReference section */

/* Begin PBXFrameworksBuildPhase section */
		52887F322624B136001244AD /* Frameworks */ = {
			isa = PBXFrameworksBuildPhase;
			buildActionMask = 2147483647;
			files = (
			);
			runOnlyForDeploymentPostprocessing = 0;
		};
/* End PBXFrameworksBuildPhase section */

/* Begin PBXGroup section */
		5206D07626325A0B005FC465 /* Controller */ = {
			isa = PBXGroup;
			children = (
				52887F3C2624B136001244AD /* ViewController.swift */,
				524F318626326C290004BEE2 /* ShipDetailsViewController.swift */,
			);
			path = Controller;
			sourceTree = "<group>";
		};
		5206D07726325A16005FC465 /* Resources */ = {
			isa = PBXGroup;
			children = (
				52887F412624B13A001244AD /* Assets.xcassets */,
				52A7E0012635B15800A7F960 /* Insanibc.ttf */,
				52887F602624B56A001244AD /* cargo1.dae */,
			);
			path = Resources;
			sourceTree = "<group>";
		};
		5206D07826325A20005FC465 /* Utils */ = {
			isa = PBXGroup;
			children = (
				525E2B272631A35E00155AC0 /* Extensions.swift */,
			);
			path = Utils;
			sourceTree = "<group>";
		};
		525975DD2635C31B008CC265 /* Application */ = {
			isa = PBXGroup;
			children = (
				52887F382624B136001244AD /* AppDelegate.swift */,
				52887F3A2624B136001244AD /* SceneDelegate.swift */,
			);
			path = Application;
			sourceTree = "<group>";
		};
		52887F2C2624B136001244AD = {
			isa = PBXGroup;
			children = (
				52887F372624B136001244AD /* Cargo ship tracking app */,
				52887F362624B136001244AD /* Products */,
			);
			sourceTree = "<group>";
		};
		52887F362624B136001244AD /* Products */ = {
			isa = PBXGroup;
			children = (
				52887F352624B136001244AD /* Cargo ship tracking app.app */,
			);
			name = Products;
			sourceTree = "<group>";
		};
		52887F372624B136001244AD /* Cargo ship tracking app */ = {
			isa = PBXGroup;
			children = (
				525975DD2635C31B008CC265 /* Application */,
				52A7DFEE2635981700A7F960 /* Model */,
				52A7DFE82635949300A7F960 /* View */,
				5206D07626325A0B005FC465 /* Controller */,
				5206D07826325A20005FC465 /* Utils */,
				5206D07726325A16005FC465 /* Resources */,
				52887F432624B13A001244AD /* LaunchScreen.storyboard */,
				52887F462624B13A001244AD /* Info.plist */,
			);
			path = "Cargo ship tracking app";
			sourceTree = "<group>";
		};
		52A7DFE82635949300A7F960 /* View */ = {
			isa = PBXGroup;
			children = (
				52A7DFE3263589CE00A7F960 /* CircularTransition.swift */,
				52A7DFF72635A09B00A7F960 /* ContainerCell.swift */,
			);
			path = View;
			sourceTree = "<group>";
		};
		52A7DFEE2635981700A7F960 /* Model */ = {
			isa = PBXGroup;
			children = (
				52A7DFEC2635966700A7F960 /* ContainerAPI.json */,
				52A7DFEF2635982700A7F960 /* Container.swift */,
			);
			path = Model;
			sourceTree = "<group>";
		};
/* End PBXGroup section */

/* Begin PBXNativeTarget section */
		52887F342624B136001244AD /* Cargo ship tracking app */ = {
			isa = PBXNativeTarget;
			buildConfigurationList = 52887F492624B13A001244AD /* Build configuration list for PBXNativeTarget "Cargo ship tracking app" */;
			buildPhases = (
				52887F312624B136001244AD /* Sources */,
				52887F322624B136001244AD /* Frameworks */,
				52887F332624B136001244AD /* Resources */,
			);
			buildRules = (
			);
			dependencies = (
			);
			name = "Cargo ship tracking app";
			productName = "Cargo ship tracking app";
			productReference = 52887F352624B136001244AD /* Cargo ship tracking app.app */;
			productType = "com.apple.product-type.application";
		};
/* End PBXNativeTarget section */

/* Begin PBXProject section */
		52887F2D2624B136001244AD /* Project object */ = {
			isa = PBXProject;
			attributes = {
				LastSwiftUpdateCheck = 1230;
				LastUpgradeCheck = 1230;
				TargetAttributes = {
					52887F342624B136001244AD = {
						CreatedOnToolsVersion = 12.3;
					};
				};
			};
			buildConfigurationList = 52887F302624B136001244AD /* Build configuration list for PBXProject "Cargo ship tracking app" */;
			compatibilityVersion = "Xcode 9.3";
			developmentRegion = en;
			hasScannedForEncodings = 0;
			knownRegions = (
				en,
				Base,
			);
			mainGroup = 52887F2C2624B136001244AD;
			productRefGroup = 52887F362624B136001244AD /* Products */;
			projectDirPath = "";
			projectRoot = "";
			targets = (
				52887F342624B136001244AD /* Cargo ship tracking app */,
			);
		};
/* End PBXProject section */

/* Begin PBXResourcesBuildPhase section */
		52887F332624B136001244AD /* Resources */ = {
			isa = PBXResourcesBuildPhase;
			buildActionMask = 2147483647;
			files = (
				52887F452624B13A001244AD /* LaunchScreen.storyboard in Resources */,
				52887F422624B13A001244AD /* Assets.xcassets in Resources */,
				52A7DFF526359B7B00A7F960 /* ContainerAPI.json in Resources */,
				52A7E0032635B15E00A7F960 /* Insanibc.ttf in Resources */,
				52887F612624B56A001244AD /* cargo1.dae in Resources */,
			);
			runOnlyForDeploymentPostprocessing = 0;
		};
/* End PBXResourcesBuildPhase section */

/* Begin PBXSourcesBuildPhase section */
		52887F312624B136001244AD /* Sources */ = {
			isa = PBXSourcesBuildPhase;
			buildActionMask = 2147483647;
			files = (
				524F318726326C290004BEE2 /* ShipDetailsViewController.swift in Sources */,
				52A7DFF82635A09B00A7F960 /* ContainerCell.swift in Sources */,
				52A7DFE4263589CE00A7F960 /* CircularTransition.swift in Sources */,
				52887F3D2624B136001244AD /* ViewController.swift in Sources */,
				52887F392624B136001244AD /* AppDelegate.swift in Sources */,
				52A7DFF02635982700A7F960 /* Container.swift in Sources */,
				52887F3B2624B136001244AD /* SceneDelegate.swift in Sources */,
				525E2B282631A35E00155AC0 /* Extensions.swift in Sources */,
			);
			runOnlyForDeploymentPostprocessing = 0;
		};
/* End PBXSourcesBuildPhase section */

/* Begin PBXVariantGroup section */
		52887F432624B13A001244AD /* LaunchScreen.storyboard */ = {
			isa = PBXVariantGroup;
			children = (
				52887F442624B13A001244AD /* Base */,
			);
			name = LaunchScreen.storyboard;
			sourceTree = "<group>";
		};
/* End PBXVariantGroup section */

/* Begin XCBuildConfiguration section */
		52887F472624B13A001244AD /* Debug */ = {
			isa = XCBuildConfiguration;
			buildSettings = {
				ALWAYS_SEARCH_USER_PATHS = NO;
				CLANG_ANALYZER_NONNULL = YES;
				CLANG_ANALYZER_NUMBER_OBJECT_CONVERSION = YES_AGGRESSIVE;
				CLANG_CXX_LANGUAGE_STANDARD = "gnu++14";
				CLANG_CXX_LIBRARY = "libc++";
				CLANG_ENABLE_MODULES = YES;
				CLANG_ENABLE_OBJC_ARC = YES;
				CLANG_ENABLE_OBJC_WEAK = YES;
				CLANG_WARN_BLOCK_CAPTURE_AUTORELEASING = YES;
				CLANG_WARN_BOOL_CONVERSION = YES;
				CLANG_WARN_COMMA = YES;
				CLANG_WARN_CONSTANT_CONVERSION = YES;
				CLANG_WARN_DEPRECATED_OBJC_IMPLEMENTATIONS = YES;
				CLANG_WARN_DIRECT_OBJC_ISA_USAGE = YES_ERROR;
				CLANG_WARN_DOCUMENTATION_COMMENTS = YES;
				CLANG_WARN_EMPTY_BODY = YES;
				CLANG_WARN_ENUM_CONVERSION = YES;
				CLANG_WARN_INFINITE_RECURSION = YES;
				CLANG_WARN_INT_CONVERSION = YES;
				CLANG_WARN_NON_LITERAL_NULL_CONVERSION = YES;
				CLANG_WARN_OBJC_IMPLICIT_RETAIN_SELF = YES;
				CLANG_WARN_OBJC_LITERAL_CONVERSION = YES;
				CLANG_WARN_OBJC_ROOT_CLASS = YES_ERROR;
				CLANG_WARN_QUOTED_INCLUDE_IN_FRAMEWORK_HEADER = YES;
				CLANG_WARN_RANGE_LOOP_ANALYSIS = YES;
				CLANG_WARN_STRICT_PROTOTYPES = YES;
				CLANG_WARN_SUSPICIOUS_MOVE = YES;
				CLANG_WARN_UNGUARDED_AVAILABILITY = YES_AGGRESSIVE;
				CLANG_WARN_UNREACHABLE_CODE = YES;
				CLANG_WARN__DUPLICATE_METHOD_MATCH = YES;
				COPY_PHASE_STRIP = NO;
				DEBUG_INFORMATION_FORMAT = dwarf;
				ENABLE_STRICT_OBJC_MSGSEND = YES;
				ENABLE_TESTABILITY = YES;
				GCC_C_LANGUAGE_STANDARD = gnu11;
				GCC_DYNAMIC_NO_PIC = NO;
				GCC_NO_COMMON_BLOCKS = YES;
				GCC_OPTIMIZATION_LEVEL = 0;
				GCC_PREPROCESSOR_DEFINITIONS = (
					"DEBUG=1",
					"$(inherited)",
				);
				GCC_WARN_64_TO_32_BIT_CONVERSION = YES;
				GCC_WARN_ABOUT_RETURN_TYPE = YES_ERROR;
				GCC_WARN_UNDECLARED_SELECTOR = YES;
				GCC_WARN_UNINITIALIZED_AUTOS = YES_AGGRESSIVE;
				GCC_WARN_UNUSED_FUNCTION = YES;
				GCC_WARN_UNUSED_VARIABLE = YES;
				IPHONEOS_DEPLOYMENT_TARGET = 12.4;
				MTL_ENABLE_DEBUG_INFO = INCLUDE_SOURCE;
				MTL_FAST_MATH = YES;
				ONLY_ACTIVE_ARCH = YES;
				SDKROOT = iphoneos;
				SWIFT_ACTIVE_COMPILATION_CONDITIONS = DEBUG;
				SWIFT_OPTIMIZATION_LEVEL = "-Onone";
			};
			name = Debug;
		};
		52887F482624B13A001244AD /* Release */ = {
			isa = XCBuildConfiguration;
			buildSettings = {
				ALWAYS_SEARCH_USER_PATHS = NO;
				CLANG_ANALYZER_NONNULL = YES;
				CLANG_ANALYZER_NUMBER_OBJECT_CONVERSION = YES_AGGRESSIVE;
				CLANG_CXX_LANGUAGE_STANDARD = "gnu++14";
				CLANG_CXX_LIBRARY = "libc++";
				CLANG_ENABLE_MODULES = YES;
				CLANG_ENABLE_OBJC_ARC = YES;
				CLANG_ENABLE_OBJC_WEAK = YES;
				CLANG_WARN_BLOCK_CAPTURE_AUTORELEASING = YES;
				CLANG_WARN_BOOL_CONVERSION = YES;
				CLANG_WARN_COMMA = YES;
				CLANG_WARN_CONSTANT_CONVERSION = YES;
				CLANG_WARN_DEPRECATED_OBJC_IMPLEMENTATIONS = YES;
				CLANG_WARN_DIRECT_OBJC_ISA_USAGE = YES_ERROR;
				CLANG_WARN_DOCUMENTATION_COMMENTS = YES;
				CLANG_WARN_EMPTY_BODY = YES;
				CLANG_WARN_ENUM_CONVERSION = YES;
				CLANG_WARN_INFINITE_RECURSION = YES;
				CLANG_WARN_INT_CONVERSION = YES;
				CLANG_WARN_NON_LITERAL_NULL_CONVERSION = YES;
				CLANG_WARN_OBJC_IMPLICIT_RETAIN_SELF = YES;
				CLANG_WARN_OBJC_LITERAL_CONVERSION = YES;
				CLANG_WARN_OBJC_ROOT_CLASS = YES_ERROR;
				CLANG_WARN_QUOTED_INCLUDE_IN_FRAMEWORK_HEADER = YES;
				CLANG_WARN_RANGE_LOOP_ANALYSIS = YES;
				CLANG_WARN_STRICT_PROTOTYPES = YES;
				CLANG_WARN_SUSPICIOUS_MOVE = YES;
				CLANG_WARN_UNGUARDED_AVAILABILITY = YES_AGGRESSIVE;
				CLANG_WARN_UNREACHABLE_CODE = YES;
				CLANG_WARN__DUPLICATE_METHOD_MATCH = YES;
				COPY_PHASE_STRIP = NO;
				DEBUG_INFORMATION_FORMAT = "dwarf-with-dsym";
				ENABLE_NS_ASSERTIONS = NO;
				ENABLE_STRICT_OBJC_MSGSEND = YES;
				GCC_C_LANGUAGE_STANDARD = gnu11;
				GCC_NO_COMMON_BLOCKS = YES;
				GCC_WARN_64_TO_32_BIT_CONVERSION = YES;
				GCC_WARN_ABOUT_RETURN_TYPE = YES_ERROR;
				GCC_WARN_UNDECLARED_SELECTOR = YES;
				GCC_WARN_UNINITIALIZED_AUTOS = YES_AGGRESSIVE;
				GCC_WARN_UNUSED_FUNCTION = YES;
				GCC_WARN_UNUSED_VARIABLE = YES;
				IPHONEOS_DEPLOYMENT_TARGET = 12.4;
				MTL_ENABLE_DEBUG_INFO = NO;
				MTL_FAST_MATH = YES;
				SDKROOT = iphoneos;
				SWIFT_COMPILATION_MODE = wholemodule;
				SWIFT_OPTIMIZATION_LEVEL = "-O";
				VALIDATE_PRODUCT = YES;
			};
			name = Release;
		};
		52887F4A2624B13A001244AD /* Debug */ = {
			isa = XCBuildConfiguration;
			buildSettings = {
				ASSETCATALOG_COMPILER_APPICON_NAME = AppIcon;
				ASSETCATALOG_COMPILER_GLOBAL_ACCENT_COLOR_NAME = AccentColor;
				CODE_SIGN_STYLE = Automatic;
				DEVELOPMENT_TEAM = 36F989682D;
				INFOPLIST_FILE = "Cargo ship tracking app/Info.plist";
				IPHONEOS_DEPLOYMENT_TARGET = 12.4;
				LD_RUNPATH_SEARCH_PATHS = (
					"$(inherited)",
					"@executable_path/Frameworks",
				);
				PRODUCT_BUNDLE_IDENTIFIER = "com.rachitPrajapati.Cargo-ship-tracking-app";
				PRODUCT_NAME = "$(TARGET_NAME)";
				SWIFT_VERSION = 5.0;
				TARGETED_DEVICE_FAMILY = 1;
			};
			name = Debug;
		};
		52887F4B2624B13A001244AD /* Release */ = {
			isa = XCBuildConfiguration;
			buildSettings = {
				ASSETCATALOG_COMPILER_APPICON_NAME = AppIcon;
				ASSETCATALOG_COMPILER_GLOBAL_ACCENT_COLOR_NAME = AccentColor;
				CODE_SIGN_STYLE = Automatic;
				DEVELOPMENT_TEAM = 36F989682D;
				INFOPLIST_FILE = "Cargo ship tracking app/Info.plist";
				IPHONEOS_DEPLOYMENT_TARGET = 12.4;
				LD_RUNPATH_SEARCH_PATHS = (
					"$(inherited)",
					"@executable_path/Frameworks",
				);
				PRODUCT_BUNDLE_IDENTIFIER = "com.rachitPrajapati.Cargo-ship-tracking-app";
				PRODUCT_NAME = "$(TARGET_NAME)";
				SWIFT_VERSION = 5.0;
				TARGETED_DEVICE_FAMILY = 1;
			};
			name = Release;
		};
/* End XCBuildConfiguration section */

/* Begin XCConfigurationList section */
		52887F302624B136001244AD /* Build configuration list for PBXProject "Cargo ship tracking app" */ = {
			isa = XCConfigurationList;
			buildConfigurations = (
				52887F472624B13A001244AD /* Debug */,
				52887F482624B13A001244AD /* Release */,
			);
			defaultConfigurationIsVisible = 0;
			defaultConfigurationName = Release;
		};
		52887F492624B13A001244AD /* Build configuration list for PBXNativeTarget "Cargo ship tracking app" */ = {
			isa = XCConfigurationList;
			buildConfigurations = (
				52887F4A2624B13A001244AD /* Debug */,
				52887F4B2624B13A001244AD /* Release */,
			);
			defaultConfigurationIsVisible = 0;
			defaultConfigurationName = Release;
		};
/* End XCConfigurationList section */
	};
	rootObject = 52887F2D2624B136001244AD /* Project object */;
}
